
Microsoft Visual Studio Solution File, Format Version 12.00
# Visual Studio Version 16
VisualStudioVersion = 16.0.31205.134
MinimumVisualStudioVersion = 10.0.40219.1
Project("{9A19103F-16F7-4668-BE54-9A1E7A4F7556}") = "Natom.AccessMonitor.Sync.Receiver", "Natom.AccessMonitor.Sync.Receiver\Natom.AccessMonitor.Sync.Receiver.csproj", "{945B4C82-BCD2-4460-9671-7DA612C96476}"
EndProject
Project("{2150E333-8FDC-42A3-9474-1A3956D46DE8}") = "Db", "Db", "{B9CEDFA4-736E-4F2B-B3AA-575EB1989B8A}"
EndProject
Project("{2150E333-8FDC-42A3-9474-1A3956D46DE8}") = "Sync", "Sync", "{8DD1410D-4E3A-4212-91BE-EF6FEFD9E388}"
EndProject
Project("{2150E333-8FDC-42A3-9474-1A3956D46DE8}") = "Core", "Core", "{93008EA3-0ECB-4D25-8CC4-1AECA8ADCAAC}"
EndProject
Project("{FAE04EC0-301F-11D3-BF4B-00C04F79EFBC}") = "Natom.AccessMonitor.Sync.Transmitter", "Natom.AccessMonitor.Sync.Transmitter\Natom.AccessMonitor.Sync.Transmitter.csproj", "{4CA0306E-9649-4FA9-98FF-4EB9A04A8130}"
EndProject
Project("{9A19103F-16F7-4668-BE54-9A1E7A4F7556}") = "Natom.AccessMonitor.Sync.Receiver.Worker", "Natom.AccessMonitor.Sync.Receiver.Worker\Natom.AccessMonitor.Sync.Receiver.Worker.csproj", "{02E09541-3544-4430-83CF-5A1221E7BF3C}"
EndProject
Project("{9A19103F-16F7-4668-BE54-9A1E7A4F7556}") = "Natom.AccessMonitor.Sync.Entities", "Natom.AccessMonitor.Sync.Entities\Natom.AccessMonitor.Sync.Entities.csproj", "{720CBD77-4C6E-4AF6-8F50-575EDBAE2137}"
EndProject
Project("{9A19103F-16F7-4668-BE54-9A1E7A4F7556}") = "Natom.AccessMonitor.Core.Biz", "_core\Natom.AccessMonitor.Core.Biz\Natom.AccessMonitor.Core.Biz.csproj", "{223844E9-921B-40AD-9B81-FA51634FCE3D}"
EndProject
Project("{00D1A9C2-B5F0-4AF3-8072-F6C62B433612}") = "Natom.AccessMonitor.DbConfig", "_db\Natom.AccessMonitor.DbConfig\Natom.AccessMonitor.DbConfig.sqlproj", "{7E38F135-6D96-48C1-87B3-E3E8D0D70FFF}"
EndProject
Project("{00D1A9C2-B5F0-4AF3-8072-F6C62B433612}") = "Natom.AccessMonitor.DbLogs", "_db\Natom.AccessMonitor.DbLogs\Natom.AccessMonitor.DbLogs.sqlproj", "{F3A25CBF-1DDE-47E1-A86A-5D215AFD0B90}"
EndProject
Project("{00D1A9C2-B5F0-4AF3-8072-F6C62B433612}") = "Natom.AccessMonitor.DbMaster", "_db\Natom.AccessMonitor.DbMaster\Natom.AccessMonitor.DbMaster.sqlproj", "{2BA0020B-EC1A-4A83-9996-636ACE03AB4F}"
EndProject
Project("{00D1A9C2-B5F0-4AF3-8072-F6C62B433612}") = "Natom.AccessMonitor.DbSecurity", "_db\Natom.AccessMonitor.DbSecurity\Natom.AccessMonitor.DbSecurity.sqlproj", "{40213DC5-12C7-49D6-80F5-336B80A2078C}"
EndProject
Project("{9A19103F-16F7-4668-BE54-9A1E7A4F7556}") = "Natom.AccessMonitor.WebApp.Admin.Backend", "Natom.AccessMonitor.WebApp.Admin.Backend\Natom.AccessMonitor.WebApp.Admin.Backend.csproj", "{2FEE97FE-E3CC-4A26-9233-9CDF838FD00D}"
EndProject
Project("{9A19103F-16F7-4668-BE54-9A1E7A4F7556}") = "Natom.AccessMonitor.WebApp.Clientes.Backend", "Natom.AccessMonitor.WebApp.Clientes.Backend\Natom.AccessMonitor.WebApp.Clientes.Backend.csproj", "{C241E27C-102A-49BA-8908-BC69B30AFBB8}"
EndProject
Global
	GlobalSection(SolutionConfigurationPlatforms) = preSolution
		Debug|Any CPU = Debug|Any CPU
		Release|Any CPU = Release|Any CPU
	EndGlobalSection
	GlobalSection(ProjectConfigurationPlatforms) = postSolution
		{945B4C82-BCD2-4460-9671-7DA612C96476}.Debug|Any CPU.ActiveCfg = Debug|Any CPU
		{945B4C82-BCD2-4460-9671-7DA612C96476}.Debug|Any CPU.Build.0 = Debug|Any CPU
		{945B4C82-BCD2-4460-9671-7DA612C96476}.Release|Any CPU.ActiveCfg = Release|Any CPU
		{945B4C82-BCD2-4460-9671-7DA612C96476}.Release|Any CPU.Build.0 = Release|Any CPU
		{4CA0306E-9649-4FA9-98FF-4EB9A04A8130}.Debug|Any CPU.ActiveCfg = Debug|Any CPU
		{4CA0306E-9649-4FA9-98FF-4EB9A04A8130}.Debug|Any CPU.Build.0 = Debug|Any CPU
		{4CA0306E-9649-4FA9-98FF-4EB9A04A8130}.Release|Any CPU.ActiveCfg = Release|Any CPU
		{4CA0306E-9649-4FA9-98FF-4EB9A04A8130}.Release|Any CPU.Build.0 = Release|Any CPU
		{02E09541-3544-4430-83CF-5A1221E7BF3C}.Debug|Any CPU.ActiveCfg = Debug|Any CPU
		{02E09541-3544-4430-83CF-5A1221E7BF3C}.Debug|Any CPU.Build.0 = Debug|Any CPU
		{02E09541-3544-4430-83CF-5A1221E7BF3C}.Release|Any CPU.ActiveCfg = Release|Any CPU
		{02E09541-3544-4430-83CF-5A1221E7BF3C}.Release|Any CPU.Build.0 = Release|Any CPU
		{720CBD77-4C6E-4AF6-8F50-575EDBAE2137}.Debug|Any CPU.ActiveCfg = Debug|Any CPU
		{720CBD77-4C6E-4AF6-8F50-575EDBAE2137}.Debug|Any CPU.Build.0 = Debug|Any CPU
		{720CBD77-4C6E-4AF6-8F50-575EDBAE2137}.Release|Any CPU.ActiveCfg = Release|Any CPU
		{720CBD77-4C6E-4AF6-8F50-575EDBAE2137}.Release|Any CPU.Build.0 = Release|Any CPU
		{223844E9-921B-40AD-9B81-FA51634FCE3D}.Debug|Any CPU.ActiveCfg = Debug|Any CPU
		{223844E9-921B-40AD-9B81-FA51634FCE3D}.Debug|Any CPU.Build.0 = Debug|Any CPU
		{223844E9-921B-40AD-9B81-FA51634FCE3D}.Release|Any CPU.ActiveCfg = Release|Any CPU
		{223844E9-921B-40AD-9B81-FA51634FCE3D}.Release|Any CPU.Build.0 = Release|Any CPU
		{7E38F135-6D96-48C1-87B3-E3E8D0D70FFF}.Debug|Any CPU.ActiveCfg = Debug|Any CPU
		{7E38F135-6D96-48C1-87B3-E3E8D0D70FFF}.Debug|Any CPU.Build.0 = Debug|Any CPU
		{7E38F135-6D96-48C1-87B3-E3E8D0D70FFF}.Debug|Any CPU.Deploy.0 = Debug|Any CPU
		{7E38F135-6D96-48C1-87B3-E3E8D0D70FFF}.Release|Any CPU.ActiveCfg = Release|Any CPU
		{7E38F135-6D96-48C1-87B3-E3E8D0D70FFF}.Release|Any CPU.Build.0 = Release|Any CPU
		{7E38F135-6D96-48C1-87B3-E3E8D0D70FFF}.Release|Any CPU.Deploy.0 = Release|Any CPU
		{F3A25CBF-1DDE-47E1-A86A-5D215AFD0B90}.Debug|Any CPU.ActiveCfg = Debug|Any CPU
		{F3A25CBF-1DDE-47E1-A86A-5D215AFD0B90}.Debug|Any CPU.Build.0 = Debug|Any CPU
		{F3A25CBF-1DDE-47E1-A86A-5D215AFD0B90}.Debug|Any CPU.Deploy.0 = Debug|Any CPU
		{F3A25CBF-1DDE-47E1-A86A-5D215AFD0B90}.Release|Any CPU.ActiveCfg = Release|Any CPU
		{F3A25CBF-1DDE-47E1-A86A-5D215AFD0B90}.Release|Any CPU.Build.0 = Release|Any CPU
		{F3A25CBF-1DDE-47E1-A86A-5D215AFD0B90}.Release|Any CPU.Deploy.0 = Release|Any CPU
		{2BA0020B-EC1A-4A83-9996-636ACE03AB4F}.Debug|Any CPU.ActiveCfg = Debug|Any CPU
		{2BA0020B-EC1A-4A83-9996-636ACE03AB4F}.Debug|Any CPU.Build.0 = Debug|Any CPU
		{2BA0020B-EC1A-4A83-9996-636ACE03AB4F}.Debug|Any CPU.Deploy.0 = Debug|Any CPU
		{2BA0020B-EC1A-4A83-9996-636ACE03AB4F}.Release|Any CPU.ActiveCfg = Release|Any CPU
		{2BA0020B-EC1A-4A83-9996-636ACE03AB4F}.Release|Any CPU.Build.0 = Release|Any CPU
		{2BA0020B-EC1A-4A83-9996-636ACE03AB4F}.Release|Any CPU.Deploy.0 = Release|Any CPU
		{40213DC5-12C7-49D6-80F5-336B80A2078C}.Debug|Any CPU.ActiveCfg = Debug|Any CPU
		{40213DC5-12C7-49D6-80F5-336B80A2078C}.Debug|Any CPU.Build.0 = Debug|Any CPU
		{40213DC5-12C7-49D6-80F5-336B80A2078C}.Debug|Any CPU.Deploy.0 = Debug|Any CPU
		{40213DC5-12C7-49D6-80F5-336B80A2078C}.Release|Any CPU.ActiveCfg = Release|Any CPU
		{40213DC5-12C7-49D6-80F5-336B80A2078C}.Release|Any CPU.Build.0 = Release|Any CPU
		{40213DC5-12C7-49D6-80F5-336B80A2078C}.Release|Any CPU.Deploy.0 = Release|Any CPU
		{2FEE97FE-E3CC-4A26-9233-9CDF838FD00D}.Debug|Any CPU.ActiveCfg = Debug|Any CPU
		{2FEE97FE-E3CC-4A26-9233-9CDF838FD00D}.Debug|Any CPU.Build.0 = Debug|Any CPU
		{2FEE97FE-E3CC-4A26-9233-9CDF838FD00D}.Release|Any CPU.ActiveCfg = Release|Any CPU
		{2FEE97FE-E3CC-4A26-9233-9CDF838FD00D}.Release|Any CPU.Build.0 = Release|Any CPU
		{C241E27C-102A-49BA-8908-BC69B30AFBB8}.Debug|Any CPU.ActiveCfg = Debug|Any CPU
		{C241E27C-102A-49BA-8908-BC69B30AFBB8}.Debug|Any CPU.Build.0 = Debug|Any CPU
		{C241E27C-102A-49BA-8908-BC69B30AFBB8}.Release|Any CPU.ActiveCfg = Release|Any CPU
		{C241E27C-102A-49BA-8908-BC69B30AFBB8}.Release|Any CPU.Build.0 = Release|Any CPU
	EndGlobalSection
	GlobalSection(SolutionProperties) = preSolution
		HideSolutionNode = FALSE
	EndGlobalSection
	GlobalSection(NestedProjects) = preSolution
		{945B4C82-BCD2-4460-9671-7DA612C96476} = {8DD1410D-4E3A-4212-91BE-EF6FEFD9E388}
		{4CA0306E-9649-4FA9-98FF-4EB9A04A8130} = {8DD1410D-4E3A-4212-91BE-EF6FEFD9E388}
		{02E09541-3544-4430-83CF-5A1221E7BF3C} = {8DD1410D-4E3A-4212-91BE-EF6FEFD9E388}
		{720CBD77-4C6E-4AF6-8F50-575EDBAE2137} = {8DD1410D-4E3A-4212-91BE-EF6FEFD9E388}
		{223844E9-921B-40AD-9B81-FA51634FCE3D} = {93008EA3-0ECB-4D25-8CC4-1AECA8ADCAAC}
		{7E38F135-6D96-48C1-87B3-E3E8D0D70FFF} = {B9CEDFA4-736E-4F2B-B3AA-575EB1989B8A}
		{F3A25CBF-1DDE-47E1-A86A-5D215AFD0B90} = {B9CEDFA4-736E-4F2B-B3AA-575EB1989B8A}
		{2BA0020B-EC1A-4A83-9996-636ACE03AB4F} = {B9CEDFA4-736E-4F2B-B3AA-575EB1989B8A}
		{40213DC5-12C7-49D6-80F5-336B80A2078C} = {B9CEDFA4-736E-4F2B-B3AA-575EB1989B8A}
	EndGlobalSection
	GlobalSection(ExtensibilityGlobals) = postSolution
		SolutionGuid = {CA59FB5D-99D7-4963-A32E-F0DBB0D69C86}
	EndGlobalSection
EndGlobal
