
Microsoft Visual Studio Solution File, Format Version 12.00
# Visual Studio Version 16
VisualStudioVersion = 16.0.31205.134
MinimumVisualStudioVersion = 10.0.40219.1
Project("{2150E333-8FDC-42A3-9474-1A3956D46DE8}") = "Db", "Db", "{B9CEDFA4-736E-4F2B-B3AA-575EB1989B8A}"
EndProject
Project("{00D1A9C2-B5F0-4AF3-8072-F6C62B433612}") = "Natom.AccessMonitor.DbConfig", "_db\Natom.AccessMonitor.DbConfig\Natom.AccessMonitor.DbConfig.sqlproj", "{7E38F135-6D96-48C1-87B3-E3E8D0D70FFF}"
EndProject
Project("{00D1A9C2-B5F0-4AF3-8072-F6C62B433612}") = "Natom.AccessMonitor.DbLogs", "_db\Natom.AccessMonitor.DbLogs\Natom.AccessMonitor.DbLogs.sqlproj", "{F3A25CBF-1DDE-47E1-A86A-5D215AFD0B90}"
EndProject
Project("{00D1A9C2-B5F0-4AF3-8072-F6C62B433612}") = "Natom.AccessMonitor.DbMaster", "_db\Natom.AccessMonitor.DbMaster\Natom.AccessMonitor.DbMaster.sqlproj", "{2BA0020B-EC1A-4A83-9996-636ACE03AB4F}"
EndProject
Project("{00D1A9C2-B5F0-4AF3-8072-F6C62B433612}") = "Natom.AccessMonitor.DbSecurity", "_db\Natom.AccessMonitor.DbSecurity\Natom.AccessMonitor.DbSecurity.sqlproj", "{40213DC5-12C7-49D6-80F5-336B80A2078C}"
EndProject
Project("{9A19103F-16F7-4668-BE54-9A1E7A4F7556}") = "Natom.Gestion.WebApp.Admin.Backend.Biz", "Natom.Gestion.WebApp.Admin.Backend.Biz\Natom.Gestion.WebApp.Admin.Backend.Biz.csproj", "{9F8870A7-4742-455D-9DE6-DF9BFB1947A1}"
EndProject
Project("{9A19103F-16F7-4668-BE54-9A1E7A4F7556}") = "Natom.Gestion.WebApp.Admin.Backend", "Natom.Gestion.WebApp.Admin.Backend\Natom.Gestion.WebApp.Admin.Backend.csproj", "{6AFEA615-8900-4737-A34E-FB94A3716B8F}"
EndProject
Project("{9A19103F-16F7-4668-BE54-9A1E7A4F7556}") = "Natom.Gestion.WebApp.Clientes.Backend.Entities", "Natom.Gestion.WebApp.Clientes.Backend.Entities\Natom.Gestion.WebApp.Clientes.Backend.Entities.csproj", "{2568A233-3E78-4A9A-A7E1-1EC98D90C74F}"
EndProject
Project("{9A19103F-16F7-4668-BE54-9A1E7A4F7556}") = "Natom.Gestion.WebApp.Clientes.Backend.Biz", "Natom.Gestion.WebApp.Clientes.Backend.Biz\Natom.Gestion.WebApp.Clientes.Backend.Biz.csproj", "{42B5AFD7-19D2-421C-9FC3-094766141712}"
EndProject
Project("{9A19103F-16F7-4668-BE54-9A1E7A4F7556}") = "Natom.Gestion.WebApp.Clientes.Backend", "Natom.Gestion.WebApp.Clientes.Backend\Natom.Gestion.WebApp.Clientes.Backend.csproj", "{0635C5A2-0FE5-455B-BD01-E473EE020271}"
EndProject
Global
	GlobalSection(SolutionConfigurationPlatforms) = preSolution
		Debug|Any CPU = Debug|Any CPU
		Release|Any CPU = Release|Any CPU
	EndGlobalSection
	GlobalSection(ProjectConfigurationPlatforms) = postSolution
		{7E38F135-6D96-48C1-87B3-E3E8D0D70FFF}.Debug|Any CPU.ActiveCfg = Debug|Any CPU
		{7E38F135-6D96-48C1-87B3-E3E8D0D70FFF}.Debug|Any CPU.Build.0 = Debug|Any CPU
		{7E38F135-6D96-48C1-87B3-E3E8D0D70FFF}.Debug|Any CPU.Deploy.0 = Debug|Any CPU
		{7E38F135-6D96-48C1-87B3-E3E8D0D70FFF}.Release|Any CPU.ActiveCfg = Release|Any CPU
		{7E38F135-6D96-48C1-87B3-E3E8D0D70FFF}.Release|Any CPU.Build.0 = Release|Any CPU
		{7E38F135-6D96-48C1-87B3-E3E8D0D70FFF}.Release|Any CPU.Deploy.0 = Release|Any CPU
		{F3A25CBF-1DDE-47E1-A86A-5D215AFD0B90}.Debug|Any CPU.ActiveCfg = Debug|Any CPU
		{F3A25CBF-1DDE-47E1-A86A-5D215AFD0B90}.Debug|Any CPU.Build.0 = Debug|Any CPU
		{F3A25CBF-1DDE-47E1-A86A-5D215AFD0B90}.Debug|Any CPU.Deploy.0 = Debug|Any CPU
		{F3A25CBF-1DDE-47E1-A86A-5D215AFD0B90}.Release|Any CPU.ActiveCfg = Release|Any CPU
		{F3A25CBF-1DDE-47E1-A86A-5D215AFD0B90}.Release|Any CPU.Build.0 = Release|Any CPU
		{F3A25CBF-1DDE-47E1-A86A-5D215AFD0B90}.Release|Any CPU.Deploy.0 = Release|Any CPU
		{2BA0020B-EC1A-4A83-9996-636ACE03AB4F}.Debug|Any CPU.ActiveCfg = Debug|Any CPU
		{2BA0020B-EC1A-4A83-9996-636ACE03AB4F}.Debug|Any CPU.Build.0 = Debug|Any CPU
		{2BA0020B-EC1A-4A83-9996-636ACE03AB4F}.Debug|Any CPU.Deploy.0 = Debug|Any CPU
		{2BA0020B-EC1A-4A83-9996-636ACE03AB4F}.Release|Any CPU.ActiveCfg = Release|Any CPU
		{2BA0020B-EC1A-4A83-9996-636ACE03AB4F}.Release|Any CPU.Build.0 = Release|Any CPU
		{2BA0020B-EC1A-4A83-9996-636ACE03AB4F}.Release|Any CPU.Deploy.0 = Release|Any CPU
		{40213DC5-12C7-49D6-80F5-336B80A2078C}.Debug|Any CPU.ActiveCfg = Debug|Any CPU
		{40213DC5-12C7-49D6-80F5-336B80A2078C}.Debug|Any CPU.Build.0 = Debug|Any CPU
		{40213DC5-12C7-49D6-80F5-336B80A2078C}.Debug|Any CPU.Deploy.0 = Debug|Any CPU
		{40213DC5-12C7-49D6-80F5-336B80A2078C}.Release|Any CPU.ActiveCfg = Release|Any CPU
		{40213DC5-12C7-49D6-80F5-336B80A2078C}.Release|Any CPU.Build.0 = Release|Any CPU
		{40213DC5-12C7-49D6-80F5-336B80A2078C}.Release|Any CPU.Deploy.0 = Release|Any CPU
		{9F8870A7-4742-455D-9DE6-DF9BFB1947A1}.Debug|Any CPU.ActiveCfg = Debug|Any CPU
		{9F8870A7-4742-455D-9DE6-DF9BFB1947A1}.Debug|Any CPU.Build.0 = Debug|Any CPU
		{9F8870A7-4742-455D-9DE6-DF9BFB1947A1}.Release|Any CPU.ActiveCfg = Release|Any CPU
		{9F8870A7-4742-455D-9DE6-DF9BFB1947A1}.Release|Any CPU.Build.0 = Release|Any CPU
		{6AFEA615-8900-4737-A34E-FB94A3716B8F}.Debug|Any CPU.ActiveCfg = Debug|Any CPU
		{6AFEA615-8900-4737-A34E-FB94A3716B8F}.Debug|Any CPU.Build.0 = Debug|Any CPU
		{6AFEA615-8900-4737-A34E-FB94A3716B8F}.Release|Any CPU.ActiveCfg = Release|Any CPU
		{6AFEA615-8900-4737-A34E-FB94A3716B8F}.Release|Any CPU.Build.0 = Release|Any CPU
		{2568A233-3E78-4A9A-A7E1-1EC98D90C74F}.Debug|Any CPU.ActiveCfg = Debug|Any CPU
		{2568A233-3E78-4A9A-A7E1-1EC98D90C74F}.Debug|Any CPU.Build.0 = Debug|Any CPU
		{2568A233-3E78-4A9A-A7E1-1EC98D90C74F}.Release|Any CPU.ActiveCfg = Release|Any CPU
		{2568A233-3E78-4A9A-A7E1-1EC98D90C74F}.Release|Any CPU.Build.0 = Release|Any CPU
		{42B5AFD7-19D2-421C-9FC3-094766141712}.Debug|Any CPU.ActiveCfg = Debug|Any CPU
		{42B5AFD7-19D2-421C-9FC3-094766141712}.Debug|Any CPU.Build.0 = Debug|Any CPU
		{42B5AFD7-19D2-421C-9FC3-094766141712}.Release|Any CPU.ActiveCfg = Release|Any CPU
		{42B5AFD7-19D2-421C-9FC3-094766141712}.Release|Any CPU.Build.0 = Release|Any CPU
		{0635C5A2-0FE5-455B-BD01-E473EE020271}.Debug|Any CPU.ActiveCfg = Debug|Any CPU
		{0635C5A2-0FE5-455B-BD01-E473EE020271}.Debug|Any CPU.Build.0 = Debug|Any CPU
		{0635C5A2-0FE5-455B-BD01-E473EE020271}.Release|Any CPU.ActiveCfg = Release|Any CPU
		{0635C5A2-0FE5-455B-BD01-E473EE020271}.Release|Any CPU.Build.0 = Release|Any CPU
	EndGlobalSection
	GlobalSection(SolutionProperties) = preSolution
		HideSolutionNode = FALSE
	EndGlobalSection
	GlobalSection(NestedProjects) = preSolution
		{7E38F135-6D96-48C1-87B3-E3E8D0D70FFF} = {B9CEDFA4-736E-4F2B-B3AA-575EB1989B8A}
		{F3A25CBF-1DDE-47E1-A86A-5D215AFD0B90} = {B9CEDFA4-736E-4F2B-B3AA-575EB1989B8A}
		{2BA0020B-EC1A-4A83-9996-636ACE03AB4F} = {B9CEDFA4-736E-4F2B-B3AA-575EB1989B8A}
		{40213DC5-12C7-49D6-80F5-336B80A2078C} = {B9CEDFA4-736E-4F2B-B3AA-575EB1989B8A}
	EndGlobalSection
	GlobalSection(ExtensibilityGlobals) = postSolution
		SolutionGuid = {CA59FB5D-99D7-4963-A32E-F0DBB0D69C86}
	EndGlobalSection
EndGlobal
